
Microsoft Visual Studio Solution File, Format Version 12.00
# Visual Studio Version 16
VisualStudioVersion = 16.0.30907.101
MinimumVisualStudioVersion = 10.0.40219.1
Project("{FAE04EC0-301F-11D3-BF4B-00C04F79EFBC}") = "ProjectHoloWeb", "ProjectHoloWeb\ProjectHoloWeb.csproj", "{9DB0ABEC-0193-4724-8A8E-0D417516CA48}"
EndProject
Global
	GlobalSection(SolutionConfigurationPlatforms) = preSolution
		Debug|Any CPU = Debug|Any CPU
		Release|Any CPU = Release|Any CPU
	EndGlobalSection
	GlobalSection(ProjectConfigurationPlatforms) = postSolution
		{9DB0ABEC-0193-4724-8A8E-0D417516CA48}.Debug|Any CPU.ActiveCfg = Debug|Any CPU
		{9DB0ABEC-0193-4724-8A8E-0D417516CA48}.Debug|Any CPU.Build.0 = Debug|Any CPU
		{9DB0ABEC-0193-4724-8A8E-0D417516CA48}.Release|Any CPU.ActiveCfg = Release|Any CPU
		{9DB0ABEC-0193-4724-8A8E-0D417516CA48}.Release|Any CPU.Build.0 = Release|Any CPU
	EndGlobalSection
	GlobalSection(SolutionProperties) = preSolution
		HideSolutionNode = FALSE
	EndGlobalSection
	GlobalSection(ExtensibilityGlobals) = postSolution
		SolutionGuid = {19C252AD-C4C7-4E24-BD00-BE488C011A1D}
	EndGlobalSection
EndGlobal
